
Microsoft Visual Studio Solution File, Format Version 12.00
# Visual Studio Version 17
VisualStudioVersion = 17.5.33424.131
MinimumVisualStudioVersion = 10.0.40219.1
Project("{FAE04EC0-301F-11D3-BF4B-00C04F79EFBC}") = "Task_5", "Task_5\Task_5.csproj", "{CC4D58C8-D7B9-4915-B076-9B215EEA24F8}"
EndProject
Project("{FAE04EC0-301F-11D3-BF4B-00C04F79EFBC}") = "Task_5_2", "Task_5_2\Task_5_2.csproj", "{D35F0060-CD26-46EC-908D-1804804D245B}"
EndProject
Global
	GlobalSection(SolutionConfigurationPlatforms) = preSolution
		Debug|Any CPU = Debug|Any CPU
		Release|Any CPU = Release|Any CPU
	EndGlobalSection
	GlobalSection(ProjectConfigurationPlatforms) = postSolution
		{CC4D58C8-D7B9-4915-B076-9B215EEA24F8}.Debug|Any CPU.ActiveCfg = Debug|Any CPU
		{CC4D58C8-D7B9-4915-B076-9B215EEA24F8}.Debug|Any CPU.Build.0 = Debug|Any CPU
		{CC4D58C8-D7B9-4915-B076-9B215EEA24F8}.Release|Any CPU.ActiveCfg = Release|Any CPU
		{CC4D58C8-D7B9-4915-B076-9B215EEA24F8}.Release|Any CPU.Build.0 = Release|Any CPU
		{D35F0060-CD26-46EC-908D-1804804D245B}.Debug|Any CPU.ActiveCfg = Debug|Any CPU
		{D35F0060-CD26-46EC-908D-1804804D245B}.Debug|Any CPU.Build.0 = Debug|Any CPU
		{D35F0060-CD26-46EC-908D-1804804D245B}.Release|Any CPU.ActiveCfg = Release|Any CPU
		{D35F0060-CD26-46EC-908D-1804804D245B}.Release|Any CPU.Build.0 = Release|Any CPU
	EndGlobalSection
	GlobalSection(SolutionProperties) = preSolution
		HideSolutionNode = FALSE
	EndGlobalSection
	GlobalSection(ExtensibilityGlobals) = postSolution
		SolutionGuid = {CBE10896-ECB9-4BEA-8659-640B0B30E4B4}
	EndGlobalSection
EndGlobal
