
Microsoft Visual Studio Solution File, Format Version 12.00
# Visual Studio Version 17
VisualStudioVersion = 17.5.33424.131
MinimumVisualStudioVersion = 10.0.40219.1
Project("{FAE04EC0-301F-11D3-BF4B-00C04F79EFBC}") = "Task_1", "Task_1\Task_1.csproj", "{B3A1D384-BF3F-490F-ABC4-A777CDE64478}"
EndProject
Project("{FAE04EC0-301F-11D3-BF4B-00C04F79EFBC}") = "TestProject", "TestProject\TestProject.csproj", "{A67E6DF5-3AFD-45C1-835C-BC895115B4B7}"
EndProject
Global
	GlobalSection(SolutionConfigurationPlatforms) = preSolution
		Debug|Any CPU = Debug|Any CPU
		Release|Any CPU = Release|Any CPU
	EndGlobalSection
	GlobalSection(ProjectConfigurationPlatforms) = postSolution
		{B3A1D384-BF3F-490F-ABC4-A777CDE64478}.Debug|Any CPU.ActiveCfg = Debug|Any CPU
		{B3A1D384-BF3F-490F-ABC4-A777CDE64478}.Debug|Any CPU.Build.0 = Debug|Any CPU
		{B3A1D384-BF3F-490F-ABC4-A777CDE64478}.Release|Any CPU.ActiveCfg = Release|Any CPU
		{B3A1D384-BF3F-490F-ABC4-A777CDE64478}.Release|Any CPU.Build.0 = Release|Any CPU
		{A67E6DF5-3AFD-45C1-835C-BC895115B4B7}.Debug|Any CPU.ActiveCfg = Debug|Any CPU
		{A67E6DF5-3AFD-45C1-835C-BC895115B4B7}.Debug|Any CPU.Build.0 = Debug|Any CPU
		{A67E6DF5-3AFD-45C1-835C-BC895115B4B7}.Release|Any CPU.ActiveCfg = Release|Any CPU
		{A67E6DF5-3AFD-45C1-835C-BC895115B4B7}.Release|Any CPU.Build.0 = Release|Any CPU
	EndGlobalSection
	GlobalSection(SolutionProperties) = preSolution
		HideSolutionNode = FALSE
	EndGlobalSection
	GlobalSection(ExtensibilityGlobals) = postSolution
		SolutionGuid = {23FCD4D2-42A6-469C-A3ED-A24A1469F44B}
	EndGlobalSection
EndGlobal
